
Microsoft Visual Studio Solution File, Format Version 12.00
# Visual Studio Version 17
VisualStudioVersion = 17.12.35506.116 d17.12
MinimumVisualStudioVersion = 10.0.40219.1
Project("{FAE04EC0-301F-11D3-BF4B-00C04F79EFBC}") = "BusReservationMaui", "BusReservationMaui\BusReservationMaui.csproj", "{D901C2FA-2E54-4065-811A-8E4F13AB29AD}"
EndProject
Global
	GlobalSection(SolutionConfigurationPlatforms) = preSolution
		Debug|Any CPU = Debug|Any CPU
		Release|Any CPU = Release|Any CPU
	EndGlobalSection
	GlobalSection(ProjectConfigurationPlatforms) = postSolution
		{D901C2FA-2E54-4065-811A-8E4F13AB29AD}.Debug|Any CPU.ActiveCfg = Debug|Any CPU
		{D901C2FA-2E54-4065-811A-8E4F13AB29AD}.Debug|Any CPU.Build.0 = Debug|Any CPU
		{D901C2FA-2E54-4065-811A-8E4F13AB29AD}.Debug|Any CPU.Deploy.0 = Debug|Any CPU
		{D901C2FA-2E54-4065-811A-8E4F13AB29AD}.Release|Any CPU.ActiveCfg = Release|Any CPU
		{D901C2FA-2E54-4065-811A-8E4F13AB29AD}.Release|Any CPU.Build.0 = Release|Any CPU
	EndGlobalSection
	GlobalSection(SolutionProperties) = preSolution
		HideSolutionNode = FALSE
	EndGlobalSection
EndGlobal
